<?xml version="1.0" encoding="utf-8"?>
<Project ToolsVersion="4.0" xmlns="http://schemas.microsoft.com/developer/msbuild/2003">
  <ItemGroup>
    <ClCompile Include="test.cpp" />
    <ClCompile Include="myTimeTest.cpp">
      <Filter>model\time</Filter>
    </ClCompile>
    <ClCompile Include="..\..\gh-iot\model\time\myTime.c">
      <Filter>model\time</Filter>
    </ClCompile>
    <ClCompile Include="temperatureSensorTest.cpp">
      <Filter>model\senser</Filter>
    </ClCompile>
    <ClCompile Include="..\..\gh-iot\model\senser\temperatureSensor.c">
      <Filter>model\senser</Filter>
    </ClCompile>
    <ClCompile Include="..\..\gh-iot\model\device\AC.c">
      <Filter>model\device</Filter>
    </ClCompile>
    <ClCompile Include="..\..\gh-iot\model\device\carbonDioxideGenerator.c">
      <Filter>model\device</Filter>
    </ClCompile>
    <ClCompile Include="..\..\gh-iot\model\device\HumilityGenerator.c">
      <Filter>model\device</Filter>
    </ClCompile>
    <ClCompile Include="FreeRTOS\Source\portable\MSVC-MingW\port.c" />
    <ClCompile Include="FreeRTOS\Source\croutine.c" />
    <ClCompile Include="FreeRTOS\Source\event_groups.c" />
    <ClCompile Include="FreeRTOS\Source\heap_4.c" />
    <ClCompile Include="FreeRTOS\Source\list.c" />
    <ClCompile Include="FreeRTOS\Source\queue.c" />
    <ClCompile Include="FreeRTOS\Source\stream_buffer.c" />
    <ClCompile Include="FreeRTOS\Source\tasks.c" />
    <ClCompile Include="FreeRTOS\Source\timers.c" />
    <ClCompile Include="..\..\gh-iot\model\senser\carbonDioxideSensor.c">
      <Filter>model\senser</Filter>
    </ClCompile>
    <ClCompile Include="..\..\gh-iot\model\senser\humiditySensor.c">
      <Filter>model\senser</Filter>
    </ClCompile>
    <ClCompile Include="ACTest.cpp">
      <Filter>model\device</Filter>
    </ClCompile>
    <ClCompile Include="carbonDioxideGeneratorTest.cpp">
      <Filter>model\device</Filter>
    </ClCompile>
    <ClCompile Include="HumilityGeneratorTest.cpp">
      <Filter>model\device</Filter>
    </ClCompile>
  </ItemGroup>
  <ItemGroup>
    <None Include="packages.config" />
  </ItemGroup>
  <ItemGroup>
    <Filter Include="model">
      <UniqueIdentifier>{d3ec57ee-5d4f-4448-8555-2a7d757507cc}</UniqueIdentifier>
    </Filter>
    <Filter Include="model\time">
      <UniqueIdentifier>{0395e4ab-420f-446a-b818-04be50a6b323}</UniqueIdentifier>
    </Filter>
    <Filter Include="model\senser">
      <UniqueIdentifier>{962bbf77-01b9-4074-9c86-8d4d9acecfc0}</UniqueIdentifier>
    </Filter>
    <Filter Include="model\device">
      <UniqueIdentifier>{2a1dfd71-20be-46e3-a2c0-a371381a1554}</UniqueIdentifier>
    </Filter>
  </ItemGroup>
  <ItemGroup>
    <ClInclude Include="..\..\gh-iot\model\time\myTime.h">
      <Filter>model\time</Filter>
    </ClInclude>
    <ClInclude Include="..\..\gh-iot\model\senser\temperatureSensor.h">
      <Filter>model\senser</Filter>
    </ClInclude>
    <ClInclude Include="ATMEGA_FreeRTOS.h" />
    <ClInclude Include="..\..\gh-iot\model\device\AC.h">
      <Filter>model\device</Filter>
    </ClInclude>
    <ClInclude Include="..\..\gh-iot\model\device\carbonDioxideGenerator.h">
      <Filter>model\device</Filter>
    </ClInclude>
    <ClInclude Include="..\..\gh-iot\model\device\HumilityGenerator.h">
      <Filter>model\device</Filter>
    </ClInclude>
    <ClInclude Include="FreeRTOS\Source\include\atomic.h" />
    <ClInclude Include="FreeRTOS\Source\include\croutine.h" />
    <ClInclude Include="FreeRTOS\Source\include\deprecated_definitions.h" />
    <ClInclude Include="FreeRTOS\Source\include\event_groups.h" />
    <ClInclude Include="FreeRTOS\Source\include\FreeRTOS.h" />
    <ClInclude Include="FreeRTOS\Source\include\FreeRTOSConfig.h" />
    <ClInclude Include="FreeRTOS\Source\include\list.h" />
    <ClInclude Include="FreeRTOS\Source\include\message_buffer.h" />
    <ClInclude Include="FreeRTOS\Source\include\mpu_prototypes.h" />
    <ClInclude Include="FreeRTOS\Source\include\mpu_wrappers.h" />
    <ClInclude Include="FreeRTOS\Source\include\portable.h" />
    <ClInclude Include="FreeRTOS\Source\include\projdefs.h" />
    <ClInclude Include="FreeRTOS\Source\include\queue.h" />
    <ClInclude Include="FreeRTOS\Source\include\semphr.h" />
    <ClInclude Include="FreeRTOS\Source\include\stack_macros.h" />
    <ClInclude Include="FreeRTOS\Source\include\StackMacros.h" />
    <ClInclude Include="FreeRTOS\Source\include\stream_buffer.h" />
    <ClInclude Include="FreeRTOS\Source\include\task.h" />
    <ClInclude Include="FreeRTOS\Source\include\timers.h" />
    <ClInclude Include="FreeRTOS\Source\portable\MSVC-MingW\portmacro.h" />
    <ClInclude Include="..\..\gh-iot\model\senser\carbonDioxideSensor.h">
      <Filter>model\senser</Filter>
    </ClInclude>
    <ClInclude Include="..\..\gh-iot\model\senser\humiditySensor.h">
      <Filter>model\senser</Filter>
    </ClInclude>
  </ItemGroup>
</Project>